
Microsoft Visual Studio Solution File, Format Version 12.00
# Visual Studio 15
VisualStudioVersion = 15.0.28307.438
MinimumVisualStudioVersion = 10.0.40219.1
Project("{8BC9CEB8-8B4A-11D0-8D11-00A0C91BC942}") = "C_Chapter09", "C_Chapter09\C_Chapter09.vcxproj", "{095CD25D-4B3F-42C9-BDF5-C4D74D8F1B71}"
EndProject
Global
	GlobalSection(SolutionConfigurationPlatforms) = preSolution
		Debug|x64 = Debug|x64
		Debug|x86 = Debug|x86
		Release|x64 = Release|x64
		Release|x86 = Release|x86
	EndGlobalSection
	GlobalSection(ProjectConfigurationPlatforms) = postSolution
		{095CD25D-4B3F-42C9-BDF5-C4D74D8F1B71}.Debug|x64.ActiveCfg = Debug|x64
		{095CD25D-4B3F-42C9-BDF5-C4D74D8F1B71}.Debug|x64.Build.0 = Debug|x64
		{095CD25D-4B3F-42C9-BDF5-C4D74D8F1B71}.Debug|x86.ActiveCfg = Debug|Win32
		{095CD25D-4B3F-42C9-BDF5-C4D74D8F1B71}.Debug|x86.Build.0 = Debug|Win32
		{095CD25D-4B3F-42C9-BDF5-C4D74D8F1B71}.Release|x64.ActiveCfg = Release|x64
		{095CD25D-4B3F-42C9-BDF5-C4D74D8F1B71}.Release|x64.Build.0 = Release|x64
		{095CD25D-4B3F-42C9-BDF5-C4D74D8F1B71}.Release|x86.ActiveCfg = Release|Win32
		{095CD25D-4B3F-42C9-BDF5-C4D74D8F1B71}.Release|x86.Build.0 = Release|Win32
	EndGlobalSection
	GlobalSection(SolutionProperties) = preSolution
		HideSolutionNode = FALSE
	EndGlobalSection
	GlobalSection(ExtensibilityGlobals) = postSolution
		SolutionGuid = {D21F2F25-BC25-4915-9D64-DD0EE83F3EB8}
	EndGlobalSection
EndGlobal
